{
  "lockfileVersion": 1,
  "workspaces": {
    "": {
      "name": "portfolio-messager",
      "dependencies": {
        "@hono/zod-openapi": "^0.18.3",
        "@hono/zod-validator": "^0.4.2",
        "@scalar/hono-api-reference": "^0.5.170",
        "hono-rate-limiter": "^0.4.2",
        "portfolio-messager": "file:",
        "zod": "^3.24.1",
      },
      "devDependencies": {
        "@types/bun": "latest",
        "hono": "^4.6.19",
      },
      "peerDependencies": {
        "typescript": "^5.0.0",
      },
    },
  },
  "packages": {
    "@asteasolutions/zod-to-openapi": ["@asteasolutions/zod-to-openapi@7.3.0", "", { "dependencies": { "openapi3-ts": "^4.1.2" }, "peerDependencies": { "zod": "^3.20.2" } }, "sha512-7tE/r1gXwMIvGnXVUdIqUhCU1RevEFC4Jk6Bussa0fk1ecbnnINkZzj1EOAJyE/M3AI25DnHT/zKQL1/FPFi8Q=="],

    "@hono/zod-openapi": ["@hono/zod-openapi@0.18.3", "", { "dependencies": { "@asteasolutions/zod-to-openapi": "^7.1.0", "@hono/zod-validator": "^0.4.1" }, "peerDependencies": { "hono": ">=4.3.6", "zod": "3.*" } }, "sha512-bNlRDODnp7P9Fs13ZPajEOt13G0XwXKfKRHMEFCphQsFiD1Y+twzHaglpNAhNcflzR1DQwHY92ZS06b4LTPbIQ=="],

    "@hono/zod-validator": ["@hono/zod-validator@0.4.2", "", { "peerDependencies": { "hono": ">=3.9.0", "zod": "^3.19.1" } }, "sha512-1rrlBg+EpDPhzOV4hT9pxr5+xDVmKuz6YJl+la7VCwK6ass5ldyKm5fD+umJdV2zhHD6jROoCCv8NbTwyfhT0g=="],

    "@scalar/hono-api-reference": ["@scalar/hono-api-reference@0.5.170", "", { "dependencies": { "@scalar/types": "0.0.29" }, "peerDependencies": { "hono": "^4.0.0" } }, "sha512-WZsBHZutARsszArsn2jC8aPM1KrMtkyIJzt/Dhigr3KPaDMTVBZEmO/NILrYAMnLYkboAs7DedtSHt59D41dew=="],

    "@scalar/openapi-types": ["@scalar/openapi-types@0.1.6", "", {}, "sha512-V+KnESyVJqorJzEN0QFlu3tAImCHjnvPov6QcQvjfY7s0+CjrI3rRO3oVIRlXURTQrQGrnhxvK0SkXGAZ+dxvw=="],

    "@scalar/types": ["@scalar/types@0.0.29", "", { "dependencies": { "@scalar/openapi-types": "0.1.6", "@unhead/schema": "^1.11.11" } }, "sha512-Z5tnRVtKHV/Gx4hCPeyFsxM1Gx92KUqpZ/HhM4KexPh5StKJo6MSLSTeFXqdVM8dbsnfw+xFBoLF9yE0eEHK3Q=="],

    "@types/bun": ["@types/bun@1.2.0", "", { "dependencies": { "bun-types": "1.2.0" } }, "sha512-5N1JqdahfpBlAv4wy6svEYcd/YfO2GNrbL95JOmFx8nkE6dbK4R0oSE5SpBA4vBRqgrOUAXF8Dpiz+gi7r80SA=="],

    "@types/node": ["@types/node@22.10.10", "", { "dependencies": { "undici-types": "~6.20.0" } }, "sha512-X47y/mPNzxviAGY5TcYPtYL8JsY3kAq2n8fMmKoRCxq/c4v4pyGNCzM2R6+M5/umG4ZfHuT+sgqDYqWc9rJ6ww=="],

    "@types/ws": ["@types/ws@8.5.14", "", { "dependencies": { "@types/node": "*" } }, "sha512-bd/YFLW+URhBzMXurx7lWByOu+xzU9+kb3RboOteXYDfW+tr+JZa99OyNmPINEGB/ahzKrEuc8rcv4gnpJmxTw=="],

    "@unhead/schema": ["@unhead/schema@1.11.18", "", { "dependencies": { "hookable": "^5.5.3", "zhead": "^2.2.4" } }, "sha512-a3TA/OJCRdfbFhcA3Hq24k1ZU1o9szicESrw8DZcGyQFacHnh84mVgnyqSkMnwgCmfN4kvjSiTBlLEHS6+wATw=="],

    "bun-types": ["bun-types@1.2.0", "", { "dependencies": { "@types/node": "*", "@types/ws": "~8.5.10" } }, "sha512-KEaJxyZfbV/c4eyG0vyehDpYmBGreNiQbZIqvVHJwZ4BmeuWlNZ7EAzMN2Zcd7ailmS/tGVW0BgYbGf+lGEpWw=="],

    "hono": ["hono@4.6.19", "", {}, "sha512-Xw5DwU2cewEsQ1DkDCdy6aBJkEBARl5loovoL1gL3/gw81RdaPbXrNJYp3LoQpzpJ7ECC/1OFi/vn3UZTLHFEw=="],

    "hono-rate-limiter": ["hono-rate-limiter@0.4.2", "", { "peerDependencies": { "hono": "^4.1.1" } }, "sha512-AAtFqgADyrmbDijcRTT/HJfwqfvhalya2Zo+MgfdrMPas3zSMD8SU03cv+ZsYwRU1swv7zgVt0shwN059yzhjw=="],

    "hookable": ["hookable@5.5.3", "", {}, "sha512-Yc+BQe8SvoXH1643Qez1zqLRmbA5rCL+sSmk6TVos0LWVfNIB7PGncdlId77WzLGSIB5KaWgTaNTs2lNVEI6VQ=="],

    "openapi3-ts": ["openapi3-ts@4.4.0", "", { "dependencies": { "yaml": "^2.5.0" } }, "sha512-9asTNB9IkKEzWMcHmVZE7Ts3kC9G7AFHfs8i7caD8HbI76gEjdkId4z/AkP83xdZsH7PLAnnbl47qZkXuxpArw=="],

    "portfolio-messager": ["portfolio-messager@file:", { "dependencies": { "@hono/zod-validator": "^0.4.2", "portfolio-messager": "file:", "zod": "^3.24.1" }, "devDependencies": { "@types/bun": "latest", "hono": "^4.6.19" }, "peerDependencies": { "typescript": "^5.0.0" } }],

    "typescript": ["typescript@5.7.3", "", { "bin": { "tsc": "bin/tsc", "tsserver": "bin/tsserver" } }, "sha512-84MVSjMEHP+FQRPy3pX9sTVV/INIex71s9TL2Gm5FG/WG1SqXeKyZ0k7/blY/4FdOzI12CBy1vGc4og/eus0fw=="],

    "undici-types": ["undici-types@6.20.0", "", {}, "sha512-Ny6QZ2Nju20vw1SRHe3d9jVu6gJ+4e3+MMpqu7pqE5HT6WsTSlce++GQmK5UXS8mzV8DSYHrQH+Xrf2jVcuKNg=="],

    "yaml": ["yaml@2.7.0", "", { "bin": { "yaml": "bin.mjs" } }, "sha512-+hSoy/QHluxmC9kCIJyL/uyFmLmc+e5CFR5Wa+bpIhIj85LVb9ZH2nVnqrHoSvKogwODv0ClqZkmiSSaIH5LTA=="],

    "zhead": ["zhead@2.2.4", "", {}, "sha512-8F0OI5dpWIA5IGG5NHUg9staDwz/ZPxZtvGVf01j7vHqSyZ0raHY+78atOVxRqb73AotX22uV1pXt3gYSstGag=="],

    "zod": ["zod@3.24.1", "", {}, "sha512-muH7gBL9sI1nciMZV67X5fTKKBLtwpZ5VBp1vsOQzj1MhrBZ4wlVCm3gedKZWLp0Oyel8sIGfeiz54Su+OVT+A=="],

    "portfolio-messager/portfolio-messager": ["portfolio-messager@file:.", {}],
  }
}
